
Microsoft Visual Studio Solution File, Format Version 12.00
# Visual Studio Version 16
VisualStudioVersion = 16.0.31424.327
MinimumVisualStudioVersion = 10.0.40219.1
Project("{9A19103F-16F7-4668-BE54-9A1E7A4F7556}") = "EventForum.Server", "EventForum\Server\EventForum.Server.csproj", "{116CF667-3F0F-4B05-9A00-94B81661B898}"
EndProject
Project("{9A19103F-16F7-4668-BE54-9A1E7A4F7556}") = "EventForum.Client", "EventForum\Client\EventForum.Client.csproj", "{D0AEBAD1-F450-47C7-BEEB-CEDA89169D54}"
EndProject
Project("{9A19103F-16F7-4668-BE54-9A1E7A4F7556}") = "EventForum.Shared", "EventForum\Shared\EventForum.Shared.csproj", "{8D5906BA-CB1A-4C33-9003-ECF029818C11}"
EndProject
Global
	GlobalSection(SolutionConfigurationPlatforms) = preSolution
		Debug|Any CPU = Debug|Any CPU
		Release|Any CPU = Release|Any CPU
	EndGlobalSection
	GlobalSection(ProjectConfigurationPlatforms) = postSolution
		{116CF667-3F0F-4B05-9A00-94B81661B898}.Debug|Any CPU.ActiveCfg = Debug|Any CPU
		{116CF667-3F0F-4B05-9A00-94B81661B898}.Debug|Any CPU.Build.0 = Debug|Any CPU
		{116CF667-3F0F-4B05-9A00-94B81661B898}.Release|Any CPU.ActiveCfg = Release|Any CPU
		{116CF667-3F0F-4B05-9A00-94B81661B898}.Release|Any CPU.Build.0 = Release|Any CPU
		{D0AEBAD1-F450-47C7-BEEB-CEDA89169D54}.Debug|Any CPU.ActiveCfg = Debug|Any CPU
		{D0AEBAD1-F450-47C7-BEEB-CEDA89169D54}.Debug|Any CPU.Build.0 = Debug|Any CPU
		{D0AEBAD1-F450-47C7-BEEB-CEDA89169D54}.Release|Any CPU.ActiveCfg = Release|Any CPU
		{D0AEBAD1-F450-47C7-BEEB-CEDA89169D54}.Release|Any CPU.Build.0 = Release|Any CPU
		{8D5906BA-CB1A-4C33-9003-ECF029818C11}.Debug|Any CPU.ActiveCfg = Debug|Any CPU
		{8D5906BA-CB1A-4C33-9003-ECF029818C11}.Debug|Any CPU.Build.0 = Debug|Any CPU
		{8D5906BA-CB1A-4C33-9003-ECF029818C11}.Release|Any CPU.ActiveCfg = Release|Any CPU
		{8D5906BA-CB1A-4C33-9003-ECF029818C11}.Release|Any CPU.Build.0 = Release|Any CPU
	EndGlobalSection
	GlobalSection(SolutionProperties) = preSolution
		HideSolutionNode = FALSE
	EndGlobalSection
	GlobalSection(ExtensibilityGlobals) = postSolution
		SolutionGuid = {434507C5-6112-42D4-9BE5-5616FDD99D68}
	EndGlobalSection
EndGlobal
